// !$*UTF8*$!
{
	archiveVersion = 1;
	classes = {
	};
	objectVersion = 55;
	objects = {

/* Begin PBXBuildFile section */
		1824079D283BD0B000515777 /* YouDecideApp.swift in Sources */ = {isa = PBXBuildFile; fileRef = 1824079C283BD0B000515777 /* YouDecideApp.swift */; };
		1824079F283BD0B000515777 /* ContentView.swift in Sources */ = {isa = PBXBuildFile; fileRef = 1824079E283BD0B000515777 /* ContentView.swift */; };
		182407A1283BD0B100515777 /* Assets.xcassets in Resources */ = {isa = PBXBuildFile; fileRef = 182407A0283BD0B100515777 /* Assets.xcassets */; };
		182407A4283BD0B100515777 /* Preview Assets.xcassets in Resources */ = {isa = PBXBuildFile; fileRef = 182407A3283BD0B100515777 /* Preview Assets.xcassets */; };
		182407AE283BD0B100515777 /* YouDecideTests.swift in Sources */ = {isa = PBXBuildFile; fileRef = 182407AD283BD0B100515777 /* YouDecideTests.swift */; };
		182407B8283BD0B100515777 /* YouDecideUITests.swift in Sources */ = {isa = PBXBuildFile; fileRef = 182407B7283BD0B100515777 /* YouDecideUITests.swift */; };
		182407BA283BD0B100515777 /* YouDecideUITestsLaunchTests.swift in Sources */ = {isa = PBXBuildFile; fileRef = 182407B9283BD0B100515777 /* YouDecideUITestsLaunchTests.swift */; };
/* End PBXBuildFile section */

/* Begin PBXContainerItemProxy section */
		182407AA283BD0B100515777 /* PBXContainerItemProxy */ = {
			isa = PBXContainerItemProxy;
			containerPortal = 18240791283BD0B000515777 /* Project object */;
			proxyType = 1;
			remoteGlobalIDString = 18240798283BD0B000515777;
			remoteInfo = YouDecide;
		};
		182407B4283BD0B100515777 /* PBXContainerItemProxy */ = {
			isa = PBXContainerItemProxy;
			containerPortal = 18240791283BD0B000515777 /* Project object */;
			proxyType = 1;
			remoteGlobalIDString = 18240798283BD0B000515777;
			remoteInfo = YouDecide;
		};
/* End PBXContainerItemProxy section */

/* Begin PBXFileReference section */
		18240799283BD0B000515777 /* YouDecide.app */ = {isa = PBXFileReference; explicitFileType = wrapper.application; includeInIndex = 0; path = YouDecide.app; sourceTree = BUILT_PRODUCTS_DIR; };
		1824079C283BD0B000515777 /* YouDecideApp.swift */ = {isa = PBXFileReference; lastKnownFileType = sourcecode.swift; path = YouDecideApp.swift; sourceTree = "<group>"; };
		1824079E283BD0B000515777 /* ContentView.swift */ = {isa = PBXFileReference; lastKnownFileType = sourcecode.swift; path = ContentView.swift; sourceTree = "<group>"; };
		182407A0283BD0B100515777 /* Assets.xcassets */ = {isa = PBXFileReference; lastKnownFileType = folder.assetcatalog; path = Assets.xcassets; sourceTree = "<group>"; };
		182407A3283BD0B100515777 /* Preview Assets.xcassets */ = {isa = PBXFileReference; lastKnownFileType = folder.assetcatalog; path = "Preview Assets.xcassets"; sourceTree = "<group>"; };
		182407A9283BD0B100515777 /* YouDecideTests.xctest */ = {isa = PBXFileReference; explicitFileType = wrapper.cfbundle; includeInIndex = 0; path = YouDecideTests.xctest; sourceTree = BUILT_PRODUCTS_DIR; };
		182407AD283BD0B100515777 /* YouDecideTests.swift */ = {isa = PBXFileReference; lastKnownFileType = sourcecode.swift; path = YouDecideTests.swift; sourceTree = "<group>"; };
		182407B3283BD0B100515777 /* YouDecideUITests.xctest */ = {isa = PBXFileReference; explicitFileType = wrapper.cfbundle; includeInIndex = 0; path = YouDecideUITests.xctest; sourceTree = BUILT_PRODUCTS_DIR; };
		182407B7283BD0B100515777 /* YouDecideUITests.swift */ = {isa = PBXFileReference; lastKnownFileType = sourcecode.swift; path = YouDecideUITests.swift; sourceTree = "<group>"; };
		182407B9283BD0B100515777 /* YouDecideUITestsLaunchTests.swift */ = {isa = PBXFileReference; lastKnownFileType = sourcecode.swift; path = YouDecideUITestsLaunchTests.swift; sourceTree = "<group>"; };
/* End PBXFileReference section */

/* Begin PBXFrameworksBuildPhase section */
		18240796283BD0B000515777 /* Frameworks */ = {
			isa = PBXFrameworksBuildPhase;
			buildActionMask = 2147483647;
			files = (
			);
			runOnlyForDeploymentPostprocessing = 0;
		};
		182407A6283BD0B100515777 /* Frameworks */ = {
			isa = PBXFrameworksBuildPhase;
			buildActionMask = 2147483647;
			files = (
			);
			runOnlyForDeploymentPostprocessing = 0;
		};
		182407B0283BD0B100515777 /* Frameworks */ = {
			isa = PBXFrameworksBuildPhase;
			buildActionMask = 2147483647;
			files = (
			);
			runOnlyForDeploymentPostprocessing = 0;
		};
/* End PBXFrameworksBuildPhase section */

/* Begin PBXGroup section */
		18240790283BD0B000515777 = {
			isa = PBXGroup;
			children = (
				1824079B283BD0B000515777 /* YouDecide */,
				182407AC283BD0B100515777 /* YouDecideTests */,
				182407B6283BD0B100515777 /* YouDecideUITests */,
				1824079A283BD0B000515777 /* Products */,
			);
			sourceTree = "<group>";
		};
		1824079A283BD0B000515777 /* Products */ = {
			isa = PBXGroup;
			children = (
				18240799283BD0B000515777 /* YouDecide.app */,
				182407A9283BD0B100515777 /* YouDecideTests.xctest */,
				182407B3283BD0B100515777 /* YouDecideUITests.xctest */,
			);
			name = Products;
			sourceTree = "<group>";
		};
		1824079B283BD0B000515777 /* YouDecide */ = {
			isa = PBXGroup;
			children = (
				1824079C283BD0B000515777 /* YouDecideApp.swift */,
				1824079E283BD0B000515777 /* ContentView.swift */,
				182407A0283BD0B100515777 /* Assets.xcassets */,
				182407A2283BD0B100515777 /* Preview Content */,
			);
			path = YouDecide;
			sourceTree = "<group>";
		};
		182407A2283BD0B100515777 /* Preview Content */ = {
			isa = PBXGroup;
			children = (
				182407A3283BD0B100515777 /* Preview Assets.xcassets */,
			);
			path = "Preview Content";
			sourceTree = "<group>";
		};
		182407AC283BD0B100515777 /* YouDecideTests */ = {
			isa = PBXGroup;
			children = (
				182407AD283BD0B100515777 /* YouDecideTests.swift */,
			);
			path = YouDecideTests;
			sourceTree = "<group>";
		};
		182407B6283BD0B100515777 /* YouDecideUITests */ = {
			isa = PBXGroup;
			children = (
				182407B7283BD0B100515777 /* YouDecideUITests.swift */,
				182407B9283BD0B100515777 /* YouDecideUITestsLaunchTests.swift */,
			);
			path = YouDecideUITests;
			sourceTree = "<group>";
		};
/* End PBXGroup section */

/* Begin PBXNativeTarget section */
		18240798283BD0B000515777 /* YouDecide */ = {
			isa = PBXNativeTarget;
			buildConfigurationList = 182407BD283BD0B100515777 /* Build configuration list for PBXNativeTarget "YouDecide" */;
			buildPhases = (
				18240795283BD0B000515777 /* Sources */,
				18240796283BD0B000515777 /* Frameworks */,
				18240797283BD0B000515777 /* Resources */,
			);
			buildRules = (
			);
			dependencies = (
			);
			name = YouDecide;
			productName = YouDecide;
			productReference = 18240799283BD0B000515777 /* YouDecide.app */;
			productType = "com.apple.product-type.application";
		};
		182407A8283BD0B100515777 /* YouDecideTests */ = {
			isa = PBXNativeTarget;
			buildConfigurationList = 182407C0283BD0B100515777 /* Build configuration list for PBXNativeTarget "YouDecideTests" */;
			buildPhases = (
				182407A5283BD0B100515777 /* Sources */,
				182407A6283BD0B100515777 /* Frameworks */,
				182407A7283BD0B100515777 /* Resources */,
			);
			buildRules = (
			);
			dependencies = (
				182407AB283BD0B100515777 /* PBXTargetDependency */,
			);
			name = YouDecideTests;
			productName = YouDecideTests;
			productReference = 182407A9283BD0B100515777 /* YouDecideTests.xctest */;
			productType = "com.apple.product-type.bundle.unit-test";
		};
		182407B2283BD0B100515777 /* YouDecideUITests */ = {
			isa = PBXNativeTarget;
			buildConfigurationList = 182407C3283BD0B100515777 /* Build configuration list for PBXNativeTarget "YouDecideUITests" */;
			buildPhases = (
				182407AF283BD0B100515777 /* Sources */,
				182407B0283BD0B100515777 /* Frameworks */,
				182407B1283BD0B100515777 /* Resources */,
			);
			buildRules = (
			);
			dependencies = (
				182407B5283BD0B100515777 /* PBXTargetDependency */,
			);
			name = YouDecideUITests;
			productName = YouDecideUITests;
			productReference = 182407B3283BD0B100515777 /* YouDecideUITests.xctest */;
			productType = "com.apple.product-type.bundle.ui-testing";
		};
/* End PBXNativeTarget section */

/* Begin PBXProject section */
		18240791283BD0B000515777 /* Project object */ = {
			isa = PBXProject;
			attributes = {
				BuildIndependentTargetsInParallel = 1;
				LastSwiftUpdateCheck = 1330;
				LastUpgradeCheck = 1330;
				TargetAttributes = {
					18240798283BD0B000515777 = {
						CreatedOnToolsVersion = 13.3.1;
					};
					182407A8283BD0B100515777 = {
						CreatedOnToolsVersion = 13.3.1;
						TestTargetID = 18240798283BD0B000515777;
					};
					182407B2283BD0B100515777 = {
						CreatedOnToolsVersion = 13.3.1;
						TestTargetID = 18240798283BD0B000515777;
					};
				};
			};
			buildConfigurationList = 18240794283BD0B000515777 /* Build configuration list for PBXProject "YouDecide" */;
			compatibilityVersion = "Xcode 13.0";
			developmentRegion = en;
			hasScannedForEncodings = 0;
			knownRegions = (
				en,
				Base,
			);
			mainGroup = 18240790283BD0B000515777;
			productRefGroup = 1824079A283BD0B000515777 /* Products */;
			projectDirPath = "";
			projectRoot = "";
			targets = (
				18240798283BD0B000515777 /* YouDecide */,
				182407A8283BD0B100515777 /* YouDecideTests */,
				182407B2283BD0B100515777 /* YouDecideUITests */,
			);
		};
/* End PBXProject section */

/* Begin PBXResourcesBuildPhase section */
		18240797283BD0B000515777 /* Resources */ = {
			isa = PBXResourcesBuildPhase;
			buildActionMask = 2147483647;
			files = (
				182407A4283BD0B100515777 /* Preview Assets.xcassets in Resources */,
				182407A1283BD0B100515777 /* Assets.xcassets in Resources */,
			);
			runOnlyForDeploymentPostprocessing = 0;
		};
		182407A7283BD0B100515777 /* Resources */ = {
			isa = PBXResourcesBuildPhase;
			buildActionMask = 2147483647;
			files = (
			);
			runOnlyForDeploymentPostprocessing = 0;
		};
		182407B1283BD0B100515777 /* Resources */ = {
			isa = PBXResourcesBuildPhase;
			buildActionMask = 2147483647;
			files = (
			);
			runOnlyForDeploymentPostprocessing = 0;
		};
/* End PBXResourcesBuildPhase section */

/* Begin PBXSourcesBuildPhase section */
		18240795283BD0B000515777 /* Sources */ = {
			isa = PBXSourcesBuildPhase;
			buildActionMask = 2147483647;
			files = (
				1824079F283BD0B000515777 /* ContentView.swift in Sources */,
				1824079D283BD0B000515777 /* YouDecideApp.swift in Sources */,
			);
			runOnlyForDeploymentPostprocessing = 0;
		};
		182407A5283BD0B100515777 /* Sources */ = {
			isa = PBXSourcesBuildPhase;
			buildActionMask = 2147483647;
			files = (
				182407AE283BD0B100515777 /* YouDecideTests.swift in Sources */,
			);
			runOnlyForDeploymentPostprocessing = 0;
		};
		182407AF283BD0B100515777 /* Sources */ = {
			isa = PBXSourcesBuildPhase;
			buildActionMask = 2147483647;
			files = (
				182407BA283BD0B100515777 /* YouDecideUITestsLaunchTests.swift in Sources */,
				182407B8283BD0B100515777 /* YouDecideUITests.swift in Sources */,
			);
			runOnlyForDeploymentPostprocessing = 0;
		};
/* End PBXSourcesBuildPhase section */

/* Begin PBXTargetDependency section */
		182407AB283BD0B100515777 /* PBXTargetDependency */ = {
			isa = PBXTargetDependency;
			target = 18240798283BD0B000515777 /* YouDecide */;
			targetProxy = 182407AA283BD0B100515777 /* PBXContainerItemProxy */;
		};
		182407B5283BD0B100515777 /* PBXTargetDependency */ = {
			isa = PBXTargetDependency;
			target = 18240798283BD0B000515777 /* YouDecide */;
			targetProxy = 182407B4283BD0B100515777 /* PBXContainerItemProxy */;
		};
/* End PBXTargetDependency section */

/* Begin XCBuildConfiguration section */
		182407BB283BD0B100515777 /* Debug */ = {
			isa = XCBuildConfiguration;
			buildSettings = {
				ALWAYS_SEARCH_USER_PATHS = NO;
				CLANG_ANALYZER_NONNULL = YES;
				CLANG_ANALYZER_NUMBER_OBJECT_CONVERSION = YES_AGGRESSIVE;
				CLANG_CXX_LANGUAGE_STANDARD = "gnu++17";
				CLANG_ENABLE_MODULES = YES;
				CLANG_ENABLE_OBJC_ARC = YES;
				CLANG_ENABLE_OBJC_WEAK = YES;
				CLANG_WARN_BLOCK_CAPTURE_AUTORELEASING = YES;
				CLANG_WARN_BOOL_CONVERSION = YES;
				CLANG_WARN_COMMA = YES;
				CLANG_WARN_CONSTANT_CONVERSION = YES;
				CLANG_WARN_DEPRECATED_OBJC_IMPLEMENTATIONS = YES;
				CLANG_WARN_DIRECT_OBJC_ISA_USAGE = YES_ERROR;
				CLANG_WARN_DOCUMENTATION_COMMENTS = YES;
				CLANG_WARN_EMPTY_BODY = YES;
				CLANG_WARN_ENUM_CONVERSION = YES;
				CLANG_WARN_INFINITE_RECURSION = YES;
				CLANG_WARN_INT_CONVERSION = YES;
				CLANG_WARN_NON_LITERAL_NULL_CONVERSION = YES;
				CLANG_WARN_OBJC_IMPLICIT_RETAIN_SELF = YES;
				CLANG_WARN_OBJC_LITERAL_CONVERSION = YES;
				CLANG_WARN_OBJC_ROOT_CLASS = YES_ERROR;
				CLANG_WARN_QUOTED_INCLUDE_IN_FRAMEWORK_HEADER = YES;
				CLANG_WARN_RANGE_LOOP_ANALYSIS = YES;
				CLANG_WARN_STRICT_PROTOTYPES = YES;
				CLANG_WARN_SUSPICIOUS_MOVE = YES;
				CLANG_WARN_UNGUARDED_AVAILABILITY = YES_AGGRESSIVE;
				CLANG_WARN_UNREACHABLE_CODE = YES;
				CLANG_WARN__DUPLICATE_METHOD_MATCH = YES;
				COPY_PHASE_STRIP = NO;
				DEBUG_INFORMATION_FORMAT = dwarf;
				ENABLE_STRICT_OBJC_MSGSEND = YES;
				ENABLE_TESTABILITY = YES;
				GCC_C_LANGUAGE_STANDARD = gnu11;
				GCC_DYNAMIC_NO_PIC = NO;
				GCC_NO_COMMON_BLOCKS = YES;
				GCC_OPTIMIZATION_LEVEL = 0;
				GCC_PREPROCESSOR_DEFINITIONS = (
					"DEBUG=1",
					"$(inherited)",
				);
				GCC_WARN_64_TO_32_BIT_CONVERSION = YES;
				GCC_WARN_ABOUT_RETURN_TYPE = YES_ERROR;
				GCC_WARN_UNDECLARED_SELECTOR = YES;
				GCC_WARN_UNINITIALIZED_AUTOS = YES_AGGRESSIVE;
				GCC_WARN_UNUSED_FUNCTION = YES;
				GCC_WARN_UNUSED_VARIABLE = YES;
				IPHONEOS_DEPLOYMENT_TARGET = 15.4;
				MTL_ENABLE_DEBUG_INFO = INCLUDE_SOURCE;
				MTL_FAST_MATH = YES;
				ONLY_ACTIVE_ARCH = YES;
				SDKROOT = iphoneos;
				SWIFT_ACTIVE_COMPILATION_CONDITIONS = DEBUG;
				SWIFT_OPTIMIZATION_LEVEL = "-Onone";
			};
			name = Debug;
		};
		182407BC283BD0B100515777 /* Release */ = {
			isa = XCBuildConfiguration;
			buildSettings = {
				ALWAYS_SEARCH_USER_PATHS = NO;
				CLANG_ANALYZER_NONNULL = YES;
				CLANG_ANALYZER_NUMBER_OBJECT_CONVERSION = YES_AGGRESSIVE;
				CLANG_CXX_LANGUAGE_STANDARD = "gnu++17";
				CLANG_ENABLE_MODULES = YES;
				CLANG_ENABLE_OBJC_ARC = YES;
				CLANG_ENABLE_OBJC_WEAK = YES;
				CLANG_WARN_BLOCK_CAPTURE_AUTORELEASING = YES;
				CLANG_WARN_BOOL_CONVERSION = YES;
				CLANG_WARN_COMMA = YES;
				CLANG_WARN_CONSTANT_CONVERSION = YES;
				CLANG_WARN_DEPRECATED_OBJC_IMPLEMENTATIONS = YES;
				CLANG_WARN_DIRECT_OBJC_ISA_USAGE = YES_ERROR;
				CLANG_WARN_DOCUMENTATION_COMMENTS = YES;
				CLANG_WARN_EMPTY_BODY = YES;
				CLANG_WARN_ENUM_CONVERSION = YES;
				CLANG_WARN_INFINITE_RECURSION = YES;
				CLANG_WARN_INT_CONVERSION = YES;
				CLANG_WARN_NON_LITERAL_NULL_CONVERSION = YES;
				CLANG_WARN_OBJC_IMPLICIT_RETAIN_SELF = YES;
				CLANG_WARN_OBJC_LITERAL_CONVERSION = YES;
				CLANG_WARN_OBJC_ROOT_CLASS = YES_ERROR;
				CLANG_WARN_QUOTED_INCLUDE_IN_FRAMEWORK_HEADER = YES;
				CLANG_WARN_RANGE_LOOP_ANALYSIS = YES;
				CLANG_WARN_STRICT_PROTOTYPES = YES;
				CLANG_WARN_SUSPICIOUS_MOVE = YES;
				CLANG_WARN_UNGUARDED_AVAILABILITY = YES_AGGRESSIVE;
				CLANG_WARN_UNREACHABLE_CODE = YES;
				CLANG_WARN__DUPLICATE_METHOD_MATCH = YES;
				COPY_PHASE_STRIP = NO;
				DEBUG_INFORMATION_FORMAT = "dwarf-with-dsym";
				ENABLE_NS_ASSERTIONS = NO;
				ENABLE_STRICT_OBJC_MSGSEND = YES;
				GCC_C_LANGUAGE_STANDARD = gnu11;
				GCC_NO_COMMON_BLOCKS = YES;
				GCC_WARN_64_TO_32_BIT_CONVERSION = YES;
				GCC_WARN_ABOUT_RETURN_TYPE = YES_ERROR;
				GCC_WARN_UNDECLARED_SELECTOR = YES;
				GCC_WARN_UNINITIALIZED_AUTOS = YES_AGGRESSIVE;
				GCC_WARN_UNUSED_FUNCTION = YES;
				GCC_WARN_UNUSED_VARIABLE = YES;
				IPHONEOS_DEPLOYMENT_TARGET = 15.4;
				MTL_ENABLE_DEBUG_INFO = NO;
				MTL_FAST_MATH = YES;
				SDKROOT = iphoneos;
				SWIFT_COMPILATION_MODE = wholemodule;
				SWIFT_OPTIMIZATION_LEVEL = "-O";
				VALIDATE_PRODUCT = YES;
			};
			name = Release;
		};
		182407BE283BD0B100515777 /* Debug */ = {
			isa = XCBuildConfiguration;
			buildSettings = {
				ASSETCATALOG_COMPILER_APPICON_NAME = AppIcon;
				ASSETCATALOG_COMPILER_GLOBAL_ACCENT_COLOR_NAME = AccentColor;
				CODE_SIGN_STYLE = Automatic;
				CURRENT_PROJECT_VERSION = 1;
				DEVELOPMENT_ASSET_PATHS = "\"YouDecide/Preview Content\"";
				DEVELOPMENT_TEAM = 52G76S8277;
				ENABLE_PREVIEWS = YES;
				GENERATE_INFOPLIST_FILE = YES;
				INFOPLIST_KEY_UIApplicationSceneManifest_Generation = YES;
				INFOPLIST_KEY_UIApplicationSupportsIndirectInputEvents = YES;
				INFOPLIST_KEY_UILaunchScreen_Generation = YES;
				INFOPLIST_KEY_UISupportedInterfaceOrientations_iPad = "UIInterfaceOrientationPortrait UIInterfaceOrientationPortraitUpsideDown UIInterfaceOrientationLandscapeLeft UIInterfaceOrientationLandscapeRight";
				INFOPLIST_KEY_UISupportedInterfaceOrientations_iPhone = "UIInterfaceOrientationPortrait UIInterfaceOrientationLandscapeLeft UIInterfaceOrientationLandscapeRight";
				LD_RUNPATH_SEARCH_PATHS = (
					"$(inherited)",
					"@executable_path/Frameworks",
				);
				MARKETING_VERSION = 1.0;
				PRODUCT_BUNDLE_IDENTIFIER = dev.ahmadrafi.YouDecide;
				PRODUCT_NAME = "$(TARGET_NAME)";
				SWIFT_EMIT_LOC_STRINGS = YES;
				SWIFT_VERSION = 5.0;
				TARGETED_DEVICE_FAMILY = "1,2";
			};
			name = Debug;
		};
		182407BF283BD0B100515777 /* Release */ = {
			isa = XCBuildConfiguration;
			buildSettings = {
				ASSETCATALOG_COMPILER_APPICON_NAME = AppIcon;
				ASSETCATALOG_COMPILER_GLOBAL_ACCENT_COLOR_NAME = AccentColor;
				CODE_SIGN_STYLE = Automatic;
				CURRENT_PROJECT_VERSION = 1;
				DEVELOPMENT_ASSET_PATHS = "\"YouDecide/Preview Content\"";
				DEVELOPMENT_TEAM = 52G76S8277;
				ENABLE_PREVIEWS = YES;
				GENERATE_INFOPLIST_FILE = YES;
				INFOPLIST_KEY_UIApplicationSceneManifest_Generation = YES;
				INFOPLIST_KEY_UIApplicationSupportsIndirectInputEvents = YES;
				INFOPLIST_KEY_UILaunchScreen_Generation = YES;
				INFOPLIST_KEY_UISupportedInterfaceOrientations_iPad = "UIInterfaceOrientationPortrait UIInterfaceOrientationPortraitUpsideDown UIInterfaceOrientationLandscapeLeft UIInterfaceOrientationLandscapeRight";
				INFOPLIST_KEY_UISupportedInterfaceOrientations_iPhone = "UIInterfaceOrientationPortrait UIInterfaceOrientationLandscapeLeft UIInterfaceOrientationLandscapeRight";
				LD_RUNPATH_SEARCH_PATHS = (
					"$(inherited)",
					"@executable_path/Frameworks",
				);
				MARKETING_VERSION = 1.0;
				PRODUCT_BUNDLE_IDENTIFIER = dev.ahmadrafi.YouDecide;
				PRODUCT_NAME = "$(TARGET_NAME)";
				SWIFT_EMIT_LOC_STRINGS = YES;
				SWIFT_VERSION = 5.0;
				TARGETED_DEVICE_FAMILY = "1,2";
			};
			name = Release;
		};
		182407C1283BD0B100515777 /* Debug */ = {
			isa = XCBuildConfiguration;
			buildSettings = {
				ALWAYS_EMBED_SWIFT_STANDARD_LIBRARIES = YES;
				BUNDLE_LOADER = "$(TEST_HOST)";
				CODE_SIGN_STYLE = Automatic;
				CURRENT_PROJECT_VERSION = 1;
				DEVELOPMENT_TEAM = 52G76S8277;
				GENERATE_INFOPLIST_FILE = YES;
				IPHONEOS_DEPLOYMENT_TARGET = 15.4;
				MARKETING_VERSION = 1.0;
				PRODUCT_BUNDLE_IDENTIFIER = dev.ahmadrafi.YouDecideTests;
				PRODUCT_NAME = "$(TARGET_NAME)";
				SWIFT_EMIT_LOC_STRINGS = NO;
				SWIFT_VERSION = 5.0;
				TARGETED_DEVICE_FAMILY = "1,2";
				TEST_HOST = "$(BUILT_PRODUCTS_DIR)/YouDecide.app/YouDecide";
			};
			name = Debug;
		};
		182407C2283BD0B100515777 /* Release */ = {
			isa = XCBuildConfiguration;
			buildSettings = {
				ALWAYS_EMBED_SWIFT_STANDARD_LIBRARIES = YES;
				BUNDLE_LOADER = "$(TEST_HOST)";
				CODE_SIGN_STYLE = Automatic;
				CURRENT_PROJECT_VERSION = 1;
				DEVELOPMENT_TEAM = 52G76S8277;
				GENERATE_INFOPLIST_FILE = YES;
				IPHONEOS_DEPLOYMENT_TARGET = 15.4;
				MARKETING_VERSION = 1.0;
				PRODUCT_BUNDLE_IDENTIFIER = dev.ahmadrafi.YouDecideTests;
				PRODUCT_NAME = "$(TARGET_NAME)";
				SWIFT_EMIT_LOC_STRINGS = NO;
				SWIFT_VERSION = 5.0;
				TARGETED_DEVICE_FAMILY = "1,2";
				TEST_HOST = "$(BUILT_PRODUCTS_DIR)/YouDecide.app/YouDecide";
			};
			name = Release;
		};
		182407C4283BD0B100515777 /* Debug */ = {
			isa = XCBuildConfiguration;
			buildSettings = {
				ALWAYS_EMBED_SWIFT_STANDARD_LIBRARIES = YES;
				CODE_SIGN_STYLE = Automatic;
				CURRENT_PROJECT_VERSION = 1;
				DEVELOPMENT_TEAM = 52G76S8277;
				GENERATE_INFOPLIST_FILE = YES;
				MARKETING_VERSION = 1.0;
				PRODUCT_BUNDLE_IDENTIFIER = dev.ahmadrafi.YouDecideUITests;
				PRODUCT_NAME = "$(TARGET_NAME)";
				SWIFT_EMIT_LOC_STRINGS = NO;
				SWIFT_VERSION = 5.0;
				TARGETED_DEVICE_FAMILY = "1,2";
				TEST_TARGET_NAME = YouDecide;
			};
			name = Debug;
		};
		182407C5283BD0B100515777 /* Release */ = {
			isa = XCBuildConfiguration;
			buildSettings = {
				ALWAYS_EMBED_SWIFT_STANDARD_LIBRARIES = YES;
				CODE_SIGN_STYLE = Automatic;
				CURRENT_PROJECT_VERSION = 1;
				DEVELOPMENT_TEAM = 52G76S8277;
				GENERATE_INFOPLIST_FILE = YES;
				MARKETING_VERSION = 1.0;
				PRODUCT_BUNDLE_IDENTIFIER = dev.ahmadrafi.YouDecideUITests;
				PRODUCT_NAME = "$(TARGET_NAME)";
				SWIFT_EMIT_LOC_STRINGS = NO;
				SWIFT_VERSION = 5.0;
				TARGETED_DEVICE_FAMILY = "1,2";
				TEST_TARGET_NAME = YouDecide;
			};
			name = Release;
		};
/* End XCBuildConfiguration section */

/* Begin XCConfigurationList section */
		18240794283BD0B000515777 /* Build configuration list for PBXProject "YouDecide" */ = {
			isa = XCConfigurationList;
			buildConfigurations = (
				182407BB283BD0B100515777 /* Debug */,
				182407BC283BD0B100515777 /* Release */,
			);
			defaultConfigurationIsVisible = 0;
			defaultConfigurationName = Release;
		};
		182407BD283BD0B100515777 /* Build configuration list for PBXNativeTarget "YouDecide" */ = {
			isa = XCConfigurationList;
			buildConfigurations = (
				182407BE283BD0B100515777 /* Debug */,
				182407BF283BD0B100515777 /* Release */,
			);
			defaultConfigurationIsVisible = 0;
			defaultConfigurationName = Release;
		};
		182407C0283BD0B100515777 /* Build configuration list for PBXNativeTarget "YouDecideTests" */ = {
			isa = XCConfigurationList;
			buildConfigurations = (
				182407C1283BD0B100515777 /* Debug */,
				182407C2283BD0B100515777 /* Release */,
			);
			defaultConfigurationIsVisible = 0;
			defaultConfigurationName = Release;
		};
		182407C3283BD0B100515777 /* Build configuration list for PBXNativeTarget "YouDecideUITests" */ = {
			isa = XCConfigurationList;
			buildConfigurations = (
				182407C4283BD0B100515777 /* Debug */,
				182407C5283BD0B100515777 /* Release */,
			);
			defaultConfigurationIsVisible = 0;
			defaultConfigurationName = Release;
		};
/* End XCConfigurationList section */
	};
	rootObject = 18240791283BD0B000515777 /* Project object */;
}
